
Microsoft Visual Studio Solution File, Format Version 12.00
# Visual Studio Version 16
VisualStudioVersion = 16.0.32106.194
MinimumVisualStudioVersion = 10.0.40219.1
Project("{FAE04EC0-301F-11D3-BF4B-00C04F79EFBC}") = "301250548_assignment2", "301250548_assignment2.csproj", "{79B1EEE0-DCF6-45DD-BFF2-BC042B018718}"
EndProject
Global
	GlobalSection(SolutionConfigurationPlatforms) = preSolution
		Debug|Any CPU = Debug|Any CPU
		Release|Any CPU = Release|Any CPU
	EndGlobalSection
	GlobalSection(ProjectConfigurationPlatforms) = postSolution
		{79B1EEE0-DCF6-45DD-BFF2-BC042B018718}.Debug|Any CPU.ActiveCfg = Debug|Any CPU
		{79B1EEE0-DCF6-45DD-BFF2-BC042B018718}.Debug|Any CPU.Build.0 = Debug|Any CPU
		{79B1EEE0-DCF6-45DD-BFF2-BC042B018718}.Release|Any CPU.ActiveCfg = Release|Any CPU
		{79B1EEE0-DCF6-45DD-BFF2-BC042B018718}.Release|Any CPU.Build.0 = Release|Any CPU
	EndGlobalSection
	GlobalSection(SolutionProperties) = preSolution
		HideSolutionNode = FALSE
	EndGlobalSection
	GlobalSection(ExtensibilityGlobals) = postSolution
		SolutionGuid = {8FABB67E-D345-4916-B2D1-B1F71FD7CA52}
	EndGlobalSection
EndGlobal
